<?xml version="1.0" encoding="utf-8"?>
<Project ToolsVersion="4.0" xmlns="http://schemas.microsoft.com/developer/msbuild/2003">
  <ItemGroup>
    <Filter Include="Assets">
      <UniqueIdentifier>d5318baa-46a1-495a-b3e7-2a040b905318</UniqueIdentifier>
      <Extensions>bmp;fbx;gif;jpg;jpeg;tga;tiff;tif;png</Extensions>
    </Filter>
    <Image Include="Assets\LockScreenLogo.scale-200.png">
      <Filter>Assets</Filter>
    </Image>
    <Image Include="Assets\SplashScreen.scale-200.png">
      <Filter>Assets</Filter>
    </Image>
    <Image Include="Assets\Square150x150Logo.scale-200.png">
      <Filter>Assets</Filter>
    </Image>
    <Image Include="Assets\Square44x44Logo.scale-200.png">
      <Filter>Assets</Filter>
    </Image>
    <Image Include="Assets\Square44x44Logo.targetsize-24_altform-unplated.png">
      <Filter>Assets</Filter>
    </Image>
    <Image Include="Assets\Wide310x150Logo.scale-200.png">
      <Filter>Assets</Filter>
    </Image>
    <Filter Include="Assets\GunRig">
      <UniqueIdentifier>{9fc70142-bf4f-476d-bae9-198f1768cde9}</UniqueIdentifier>
    </Filter>
    <Filter Include="Assets\GunRig\AK">
      <UniqueIdentifier>{2b3a2562-23af-4e30-a6dd-66635a276d53}</UniqueIdentifier>
    </Filter>
    <Filter Include="Assets\Enemy">
      <UniqueIdentifier>{e010ee67-03fe-4866-b7fa-070359f15a0b}</UniqueIdentifier>
    </Filter>
    <Filter Include="Assets\Other">
      <UniqueIdentifier>{970b1e55-0947-41a3-9db3-afdbf61b0f87}</UniqueIdentifier>
    </Filter>
    <Filter Include="Assets\Other\bullet">
      <UniqueIdentifier>{3de93eb3-ce64-4119-8dd8-b64a0549f718}</UniqueIdentifier>
    </Filter>
    <Filter Include="Assets\Enemy\Zombie">
      <UniqueIdentifier>{0b9d0f06-2265-41db-b6d4-f0ea8b9edb34}</UniqueIdentifier>
    </Filter>
    <Filter Include="Assets\Other\wall">
      <UniqueIdentifier>{7c0c4e4e-5929-4fd5-bdc4-af1d4fd0259b}</UniqueIdentifier>
    </Filter>
    <Filter Include="Assets\Other\crosshair">
      <UniqueIdentifier>{32ed6e74-9ad3-4e59-b9b2-762ba37a6b74}</UniqueIdentifier>
    </Filter>
    <Filter Include="Assets\GunRig\FN">
      <UniqueIdentifier>{88b7a2ad-ae80-4154-9828-1b0c95bd2f3d}</UniqueIdentifier>
    </Filter>
    <Filter Include="Assets\GunRig\smg">
      <UniqueIdentifier>{54ede239-0330-4e07-8db4-44b013c49004}</UniqueIdentifier>
    </Filter>
    <Filter Include="Assets\GunRig\sniper">
      <UniqueIdentifier>{d6ccbe41-c732-439c-94bd-2e1fdb7f0c25}</UniqueIdentifier>
    </Filter>
    <Filter Include="Assets\Other\stairs">
      <UniqueIdentifier>{3cb61fc3-5875-48bb-963c-95f4f7cdd52e}</UniqueIdentifier>
    </Filter>
    <Filter Include="Assets\Other\heli">
      <UniqueIdentifier>{11c86587-2862-402f-af4b-28acdf03102b}</UniqueIdentifier>
    </Filter>
    <Filter Include="Assets\Other\damage">
      <UniqueIdentifier>{dcfd5e3d-c5dc-4aa9-9ff5-1284e1e94cf3}</UniqueIdentifier>
    </Filter>
    <Filter Include="Assets\Sounds">
      <UniqueIdentifier>{aa6c5f54-023e-4986-a741-6423a506a0b8}</UniqueIdentifier>
    </Filter>
    <Filter Include="Assets\Libs">
      <UniqueIdentifier>{c83ca1a6-3e4e-4d40-98b8-07b6a0853876}</UniqueIdentifier>
    </Filter>
    <Filter Include="Assets\fonts">
      <UniqueIdentifier>{f25cc8f2-7d6f-44ca-ae88-4de00e598983}</UniqueIdentifier>
    </Filter>
    <Filter Include="Assets\props">
      <UniqueIdentifier>{7d20c056-2359-400e-ba06-b93be8130ba3}</UniqueIdentifier>
    </Filter>
    <Filter Include="Assets\props\office-chair-1">
      <UniqueIdentifier>{faac3d94-e81f-4d3b-bcaf-fd693727ecda}</UniqueIdentifier>
    </Filter>
    <Filter Include="Assets\props\office-chair-2">
      <UniqueIdentifier>{34bffe86-36c1-4619-a14d-b05bacce6708}</UniqueIdentifier>
    </Filter>
    <Filter Include="Assets\props\dead-body">
      <UniqueIdentifier>{484cbea9-0ea9-4f5f-8298-7e550b41fd29}</UniqueIdentifier>
    </Filter>
    <Filter Include="Assets\props\old-paper">
      <UniqueIdentifier>{b2498303-1e88-494d-97c8-473effb719ac}</UniqueIdentifier>
    </Filter>
    <Filter Include="Assets\props\bean-bag">
      <UniqueIdentifier>{1b7e1f58-48dd-43c9-b10c-5250a832fd5d}</UniqueIdentifier>
    </Filter>
    <Filter Include="Assets\props\cabinet">
      <UniqueIdentifier>{9053675e-037e-4168-a9d7-7cda88a86f89}</UniqueIdentifier>
    </Filter>
    <Filter Include="Assets\props\desk1">
      <UniqueIdentifier>{7701f910-7612-4229-91d3-ce05dc61bf4d}</UniqueIdentifier>
    </Filter>
    <Filter Include="Assets\props\desk2">
      <UniqueIdentifier>{01cbb4fb-5ec5-4b5c-b75f-7d3dd25f0052}</UniqueIdentifier>
    </Filter>
    <Filter Include="Assets\props\lamp">
      <UniqueIdentifier>{2670ed72-91ee-4dd4-8fbb-8208ae42de03}</UniqueIdentifier>
    </Filter>
    <Filter Include="Assets\props\monitor2">
      <UniqueIdentifier>{6639438e-18ce-4b0c-bc9e-4e952c108a0e}</UniqueIdentifier>
    </Filter>
    <Filter Include="Assets\props\potted-plant">
      <UniqueIdentifier>{1aae5440-3842-40c6-aec8-3ad666494fc6}</UniqueIdentifier>
    </Filter>
    <Filter Include="Assets\props\spider-plant">
      <UniqueIdentifier>{47c3d71c-be7c-4066-921e-fd17072609e1}</UniqueIdentifier>
    </Filter>
    <Filter Include="Assets\props\trash-can">
      <UniqueIdentifier>{cc222e77-259a-4345-a9b7-695ad961d23c}</UniqueIdentifier>
    </Filter>
    <Filter Include="Assets\props\whiteboard">
      <UniqueIdentifier>{e0070beb-5650-4032-a8d1-643132767da8}</UniqueIdentifier>
    </Filter>
  </ItemGroup>
  <ItemGroup>
    <ClCompile Include="App.cpp" />
    <ClCompile Include="FirstPersonShooterMain.cpp" />
    <ClCompile Include="pch.cpp" />
  </ItemGroup>
  <ItemGroup>
    <ClInclude Include="App.h" />
    <ClInclude Include="FirstPersonShooterMain.h" />
    <ClInclude Include="pch.h" />
    <ClInclude Include="resource.h" />
    <ClInclude Include="Common\StepTimer.h" />
  </ItemGroup>
  <ItemGroup>
    <Image Include="Assets\StoreLogo.png">
      <Filter>Assets</Filter>
    </Image>
    <Image Include="Assets\Enemy\Zombie\world_war_zombie_diffuse.png">
      <Filter>Assets\Enemy\Zombie</Filter>
    </Image>
    <Image Include="Assets\GunRig\AK\ak74m_baseColor.png">
      <Filter>Assets\GunRig\AK</Filter>
    </Image>
    <Image Include="Assets\GunRig\AK\armColor.png">
      <Filter>Assets\GunRig\AK</Filter>
    </Image>
    <Image Include="Assets\Other\bullet\bullet.jpg">
      <Filter>Assets\Other\bullet</Filter>
    </Image>
    <Image Include="Assets\Other\crosshair\crosshair.png">
      <Filter>Assets\Other\crosshair</Filter>
    </Image>
    <Image Include="Assets\GunRig\FN\material_diffuse.png">
      <Filter>Assets\GunRig\FN</Filter>
    </Image>
    <Image Include="Assets\GunRig\smg\Material_457_baseColor.png">
      <Filter>Assets\GunRig\smg</Filter>
    </Image>
    <Image Include="Assets\GunRig\sniper\Atlas_00001.png">
      <Filter>Assets\GunRig\sniper</Filter>
    </Image>
    <Image Include="Assets\Other\wall\wall.jpg">
      <Filter>Assets\Other\wall</Filter>
    </Image>
    <Image Include="Assets\Other\wall\floor.jpg">
      <Filter>Assets\Other\wall</Filter>
    </Image>
    <Image Include="Assets\Other\stairs\floor.jpg">
      <Filter>Assets\Other\stairs</Filter>
    </Image>
    <Image Include="Assets\Other\skybox\skybox.png">
      <Filter>Assets</Filter>
    </Image>
    <Image Include="Assets\Other\heli\Helicopter_albedo2.jpg">
      <Filter>Assets\Other\heli</Filter>
    </Image>
    <Image Include="Assets\Other\wall\concrete.jpg">
      <Filter>Assets\Other\wall</Filter>
    </Image>
    <Image Include="Assets\Other\damage\damage.png">
      <Filter>Assets\Other\damage</Filter>
    </Image>
    <Image Include="Assets\empty_texture.png">
      <Filter>Assets</Filter>
    </Image>
    <Image Include="Assets\cube\ammo.png">
      <Filter>Assets</Filter>
    </Image>
    <Image Include="Assets\props\office-chair-1\up_1001_albedo.jpg">
      <Filter>Assets\props\office-chair-1</Filter>
    </Image>
    <Image Include="Assets\props\office-chair-2\Chair_low_phong1_BaseColor.png">
      <Filter>Assets\props\office-chair-2</Filter>
    </Image>
    <Image Include="Assets\props\dead-body\DeadBodyCovered_BaseColor.png">
      <Filter>Assets\props\dead-body</Filter>
    </Image>
    <Image Include="Assets\props\old-paper\MAT_Cardboard_Base_Color.png">
      <Filter>Assets\props\old-paper</Filter>
    </Image>
    <Image Include="Assets\props\bean-bag\Textures_COL_2k.png">
      <Filter>Assets\props\bean-bag</Filter>
    </Image>
    <Image Include="Assets\props\cabinet\Study_Filing_Cabinet_Material_BaseColor.png">
      <Filter>Assets\props\cabinet</Filter>
    </Image>
    <Image Include="Assets\props\desk1\1.jpg">
      <Filter>Assets\props\desk1</Filter>
    </Image>
    <Image Include="Assets\props\desk2\Office_desk_BaseColor.png">
      <Filter>Assets\props\desk2</Filter>
    </Image>
    <Image Include="Assets\props\lamp\Atlas_00001.png">
      <Filter>Assets\props\lamp</Filter>
    </Image>
    <Image Include="Assets\props\potted-plant\flowerLP_flowerLP_BaseColor.png">
      <Filter>Assets\props\potted-plant</Filter>
    </Image>
    <Image Include="Assets\props\monitor2\PSX_Monitor_0.png">
      <Filter>Assets\props\monitor2</Filter>
    </Image>
    <Image Include="Assets\props\spider-plant\Atlas_00002.png">
      <Filter>Assets\props\spider-plant</Filter>
    </Image>
    <Image Include="Assets\props\trash-can\TrashCan_DefaultMaterial_BaseColor.jpg">
      <Filter>Assets\props\trash-can</Filter>
    </Image>
    <Image Include="Assets\props\whiteboard\Untitled_2_default_BaseColor.png">
      <Filter>Assets\props\whiteboard</Filter>
    </Image>
  </ItemGroup>
  <ItemGroup>
    <AppxManifest Include="Package.appxmanifest" />
  </ItemGroup>
  <ItemGroup>
    <None Include="packages.config" />
    <None Include="Assets\Enemy\Zombie\zombie_war.gltf">
      <Filter>Assets\Enemy\Zombie</Filter>
    </None>
    <None Include="Assets\GunRig\AK\ak.gltf">
      <Filter>Assets\GunRig\AK</Filter>
    </None>
    <None Include="Assets\GunRig\AK\ak_gun.gltf">
      <Filter>Assets\GunRig\AK</Filter>
    </None>
    <None Include="Assets\Other\bullet\bullet.mtl">
      <Filter>Assets\Other\bullet</Filter>
    </None>
    <None Include="Assets\Other\bullet\bullet.obj">
      <Filter>Assets\Other\bullet</Filter>
    </None>
    <None Include="Assets\GunRig\FN\FN.gltf">
      <Filter>Assets\GunRig\FN</Filter>
    </None>
    <None Include="Assets\GunRig\FN\FN_gun.gltf">
      <Filter>Assets\GunRig\FN</Filter>
    </None>
    <None Include="Assets\GunRig\smg\smg.gltf">
      <Filter>Assets\GunRig\smg</Filter>
    </None>
    <None Include="Assets\GunRig\smg\smg_gun.gltf">
      <Filter>Assets\GunRig\smg</Filter>
    </None>
    <None Include="Assets\GunRig\sniper\sniper.gltf">
      <Filter>Assets\GunRig\sniper</Filter>
    </None>
    <None Include="Assets\GunRig\sniper\sniper_gun.gltf">
      <Filter>Assets\GunRig\sniper</Filter>
    </None>
    <None Include="Assets\Other\stairs\stairs.gltf">
      <Filter>Assets\Other\stairs</Filter>
    </None>
    <None Include="Assets\Other\heli\heli.gltf">
      <Filter>Assets\Other\heli</Filter>
    </None>
    <None Include="Assets\Audio\dark-horror-background-252905.wav">
      <Filter>Assets\Sounds</Filter>
    </None>
    <None Include="Assets\Audio\FN.wav">
      <Filter>Assets\Sounds</Filter>
    </None>
    <None Include="Assets\Audio\reload.wav">
      <Filter>Assets\Sounds</Filter>
    </None>
    <None Include="Assets\Audio\smg.wav">
      <Filter>Assets\Sounds</Filter>
    </None>
    <None Include="Assets\Audio\sniper.wav">
      <Filter>Assets\Sounds</Filter>
    </None>
    <None Include="Assets\Audio\zombie.wav">
      <Filter>Assets\Sounds</Filter>
    </None>
    <None Include="Assets\Audio\ak.wav">
      <Filter>Assets\Sounds</Filter>
    </None>
    <None Include="..\Vendor\assimp\lib\x64\assimp-vc143-mtd.dll">
      <Filter>Assets\Libs</Filter>
    </None>
    <None Include="Assets\Audio\empty-clip.wav" />
    <None Include="Assets\props\office-chair-1\office-chair-1.mtl">
      <Filter>Assets\props\office-chair-1</Filter>
    </None>
    <None Include="Assets\props\office-chair-1\office-chair-1.obj">
      <Filter>Assets\props\office-chair-1</Filter>
    </None>
    <None Include="Assets\props\office-chair-2\office-chair-2.mtl">
      <Filter>Assets\props\office-chair-2</Filter>
    </None>
    <None Include="Assets\props\office-chair-2\office-chair-2.obj">
      <Filter>Assets\props\office-chair-2</Filter>
    </None>
    <None Include="Assets\props\dead-body\dead-body.mtl">
      <Filter>Assets\props\dead-body</Filter>
    </None>
    <None Include="Assets\props\dead-body\dead-body.obj">
      <Filter>Assets\props\dead-body</Filter>
    </None>
    <None Include="Assets\props\old-paper\old-paper.mtl">
      <Filter>Assets\props\old-paper</Filter>
    </None>
    <None Include="Assets\props\old-paper\old-paper.obj">
      <Filter>Assets\props\old-paper</Filter>
    </None>
    <None Include="Assets\props\bean-bag\bean-bag.mtl">
      <Filter>Assets\props\bean-bag</Filter>
    </None>
    <None Include="Assets\props\bean-bag\bean-bag.obj">
      <Filter>Assets\props\bean-bag</Filter>
    </None>
    <None Include="Assets\props\cabinet\cabinet.mtl">
      <Filter>Assets\props\cabinet</Filter>
    </None>
    <None Include="Assets\props\cabinet\cabinet.obj">
      <Filter>Assets\props\cabinet</Filter>
    </None>
    <None Include="Assets\props\desk1\desk1.mtl">
      <Filter>Assets\props\desk1</Filter>
    </None>
    <None Include="Assets\props\desk1\desk1.obj">
      <Filter>Assets\props\desk1</Filter>
    </None>
    <None Include="Assets\props\desk2\desk2.mtl">
      <Filter>Assets\props\desk2</Filter>
    </None>
    <None Include="Assets\props\desk2\desk2.obj">
      <Filter>Assets\props\desk2</Filter>
    </None>
    <None Include="Assets\props\lamp\lamp.mtl">
      <Filter>Assets\props\lamp</Filter>
    </None>
    <None Include="Assets\props\lamp\lamp.obj">
      <Filter>Assets\props\lamp</Filter>
    </None>
    <None Include="Assets\props\monitor2\monitor2.mtl">
      <Filter>Assets\props\monitor2</Filter>
    </None>
    <None Include="Assets\props\monitor2\monitor2.obj">
      <Filter>Assets\props\monitor2</Filter>
    </None>
    <None Include="Assets\props\potted-plant\potted-plant.mtl">
      <Filter>Assets\props\potted-plant</Filter>
    </None>
    <None Include="Assets\props\potted-plant\potted-plant.obj">
      <Filter>Assets\props\potted-plant</Filter>
    </None>
    <None Include="Assets\props\spider-plant\spider-plant.mtl">
      <Filter>Assets\props\spider-plant</Filter>
    </None>
    <None Include="Assets\props\spider-plant\spider-plant.obj">
      <Filter>Assets\props\spider-plant</Filter>
    </None>
    <None Include="Assets\props\trash-can\trash-can.mtl">
      <Filter>Assets\props\trash-can</Filter>
    </None>
    <None Include="Assets\props\trash-can\trash-can.obj">
      <Filter>Assets\props\trash-can</Filter>
    </None>
    <None Include="Assets\props\whiteboard\whiteboard.mtl">
      <Filter>Assets\props\whiteboard</Filter>
    </None>
    <None Include="Assets\props\whiteboard\whiteboard.obj">
      <Filter>Assets\props\whiteboard</Filter>
    </None>
  </ItemGroup>
  <ItemGroup>
    <ResourceCompile Include="FirstPersonShooter.rc" />
  </ItemGroup>
  <ItemGroup>
    <Text Include="Assets\GunRig\AK\ak.txt">
      <Filter>Assets\GunRig\AK</Filter>
    </Text>
    <Text Include="Assets\GunRig\FN\FN.txt">
      <Filter>Assets\GunRig\FN</Filter>
    </Text>
    <Text Include="Assets\GunRig\smg\smg.txt">
      <Filter>Assets\GunRig\smg</Filter>
    </Text>
    <Text Include="Assets\GunRig\sniper\sniper.txt">
      <Filter>Assets\GunRig\sniper</Filter>
    </Text>
    <Text Include="Assets\props\office-chair-1\office-chair-1.txt">
      <Filter>Assets\props\office-chair-1</Filter>
    </Text>
    <Text Include="Assets\props\office-chair-2\office-chair-2.txt">
      <Filter>Assets\props\office-chair-2</Filter>
    </Text>
    <Text Include="Assets\props\dead-body\dead-body.txt">
      <Filter>Assets\props\dead-body</Filter>
    </Text>
    <Text Include="Assets\props\old-paper\old-paper.txt">
      <Filter>Assets\props\old-paper</Filter>
    </Text>
    <Text Include="Assets\props\bean-bag\bean-bag.txt">
      <Filter>Assets\props\bean-bag</Filter>
    </Text>
    <Text Include="Assets\props\cabinet\cabinet.txt">
      <Filter>Assets\props\cabinet</Filter>
    </Text>
    <Text Include="Assets\props\desk1\desk1.txt">
      <Filter>Assets\props\desk1</Filter>
    </Text>
    <Text Include="Assets\props\desk2\desk2.txt">
      <Filter>Assets\props\desk2</Filter>
    </Text>
    <Text Include="Assets\props\lamp\lamp.txt">
      <Filter>Assets\props\lamp</Filter>
    </Text>
    <Text Include="Assets\props\monitor2\monitor2.txt">
      <Filter>Assets\props\monitor2</Filter>
    </Text>
    <Text Include="Assets\props\potted-plant\potted-plant.txt">
      <Filter>Assets\props\potted-plant</Filter>
    </Text>
    <Text Include="Assets\props\spider-plant\spider-plant.txt">
      <Filter>Assets\props\spider-plant</Filter>
    </Text>
    <Text Include="Assets\props\trash-can\trash-can.txt">
      <Filter>Assets\props\trash-can</Filter>
    </Text>
    <Text Include="Assets\props\whiteboard\whiteboard.txt">
      <Filter>Assets\props\whiteboard</Filter>
    </Text>
  </ItemGroup>
  <ItemGroup>
    <Media Include="Assets\Audio\zombie_dying.wav">
      <Filter>Assets\Sounds</Filter>
    </Media>
  </ItemGroup>
  <ItemGroup>
    <Font Include="Assets\fonts\arial.ttf">
      <Filter>Assets\fonts</Filter>
    </Font>
  </ItemGroup>
</Project>