<?xml version="1.0" encoding="utf-8"?>
<Project ToolsVersion="4.0" xmlns="http://schemas.microsoft.com/developer/msbuild/2003">
  <ItemGroup>
    <Filter Include="Assets">
      <UniqueIdentifier>d5318baa-46a1-495a-b3e7-2a040b905318</UniqueIdentifier>
      <Extensions>bmp;fbx;gif;jpg;jpeg;tga;tiff;tif;png</Extensions>
    </Filter>
    <Image Include="Assets\LockScreenLogo.scale-200.png">
      <Filter>Assets</Filter>
    </Image>
    <Image Include="Assets\SplashScreen.scale-200.png">
      <Filter>Assets</Filter>
    </Image>
    <Image Include="Assets\Square150x150Logo.scale-200.png">
      <Filter>Assets</Filter>
    </Image>
    <Image Include="Assets\Square44x44Logo.scale-200.png">
      <Filter>Assets</Filter>
    </Image>
    <Image Include="Assets\Square44x44Logo.targetsize-24_altform-unplated.png">
      <Filter>Assets</Filter>
    </Image>
    <Image Include="Assets\Wide310x150Logo.scale-200.png">
      <Filter>Assets</Filter>
    </Image>
    <Filter Include="Assets\GunRig">
      <UniqueIdentifier>{9fc70142-bf4f-476d-bae9-198f1768cde9}</UniqueIdentifier>
    </Filter>
    <Filter Include="Assets\GunRig\AK">
      <UniqueIdentifier>{2b3a2562-23af-4e30-a6dd-66635a276d53}</UniqueIdentifier>
    </Filter>
    <Filter Include="Assets\Enemy">
      <UniqueIdentifier>{e010ee67-03fe-4866-b7fa-070359f15a0b}</UniqueIdentifier>
    </Filter>
    <Filter Include="Assets\Other">
      <UniqueIdentifier>{970b1e55-0947-41a3-9db3-afdbf61b0f87}</UniqueIdentifier>
    </Filter>
    <Filter Include="Assets\Other\bullet">
      <UniqueIdentifier>{3de93eb3-ce64-4119-8dd8-b64a0549f718}</UniqueIdentifier>
    </Filter>
    <Filter Include="Assets\Enemy\Zombie">
      <UniqueIdentifier>{0b9d0f06-2265-41db-b6d4-f0ea8b9edb34}</UniqueIdentifier>
    </Filter>
    <Filter Include="Assets\Other\wall">
      <UniqueIdentifier>{7c0c4e4e-5929-4fd5-bdc4-af1d4fd0259b}</UniqueIdentifier>
    </Filter>
    <Filter Include="Assets\Other\crosshair">
      <UniqueIdentifier>{32ed6e74-9ad3-4e59-b9b2-762ba37a6b74}</UniqueIdentifier>
    </Filter>
    <Filter Include="Assets\GunRig\FN">
      <UniqueIdentifier>{88b7a2ad-ae80-4154-9828-1b0c95bd2f3d}</UniqueIdentifier>
    </Filter>
    <Filter Include="Assets\GunRig\smg">
      <UniqueIdentifier>{54ede239-0330-4e07-8db4-44b013c49004}</UniqueIdentifier>
    </Filter>
    <Filter Include="Assets\GunRig\sniper">
      <UniqueIdentifier>{d6ccbe41-c732-439c-94bd-2e1fdb7f0c25}</UniqueIdentifier>
    </Filter>
    <Filter Include="Assets\Other\stairs">
      <UniqueIdentifier>{3cb61fc3-5875-48bb-963c-95f4f7cdd52e}</UniqueIdentifier>
    </Filter>
    <Filter Include="Assets\Other\heli">
      <UniqueIdentifier>{11c86587-2862-402f-af4b-28acdf03102b}</UniqueIdentifier>
    </Filter>
    <Filter Include="Assets\Other\damage">
      <UniqueIdentifier>{dcfd5e3d-c5dc-4aa9-9ff5-1284e1e94cf3}</UniqueIdentifier>
    </Filter>
  </ItemGroup>
  <ItemGroup>
    <ClCompile Include="App.cpp" />
    <ClCompile Include="FirstPersonShooterMain.cpp" />
    <ClCompile Include="pch.cpp" />
  </ItemGroup>
  <ItemGroup>
    <ClInclude Include="App.h" />
    <ClInclude Include="FirstPersonShooterMain.h" />
    <ClInclude Include="pch.h" />
    <ClInclude Include="resource.h" />
    <ClInclude Include="Common\StepTimer.h" />
  </ItemGroup>
  <ItemGroup>
    <Image Include="Assets\StoreLogo.png">
      <Filter>Assets</Filter>
    </Image>
    <Image Include="Assets\Enemy\Zombie\world_war_zombie_diffuse.png">
      <Filter>Assets\Enemy\Zombie</Filter>
    </Image>
    <Image Include="Assets\GunRig\AK\ak74m_baseColor.png">
      <Filter>Assets\GunRig\AK</Filter>
    </Image>
    <Image Include="Assets\GunRig\AK\armColor.png">
      <Filter>Assets\GunRig\AK</Filter>
    </Image>
    <Image Include="Assets\Other\bullet\bullet.jpg">
      <Filter>Assets\Other\bullet</Filter>
    </Image>
    <Image Include="Assets\Other\crosshair\crosshair.png">
      <Filter>Assets\Other\crosshair</Filter>
    </Image>
    <Image Include="Assets\GunRig\FN\material_diffuse.png">
      <Filter>Assets\GunRig\FN</Filter>
    </Image>
    <Image Include="Assets\GunRig\smg\Material_457_baseColor.png">
      <Filter>Assets\GunRig\smg</Filter>
    </Image>
    <Image Include="Assets\GunRig\sniper\Atlas_00001.png">
      <Filter>Assets\GunRig\sniper</Filter>
    </Image>
    <Image Include="Assets\Other\wall\wall.jpg">
      <Filter>Assets\Other\wall</Filter>
    </Image>
    <Image Include="Assets\Other\wall\floor.jpg">
      <Filter>Assets\Other\wall</Filter>
    </Image>
    <Image Include="Assets\Other\stairs\floor.jpg">
      <Filter>Assets\Other\stairs</Filter>
    </Image>
    <Image Include="Assets\Other\skybox\skybox.png">
      <Filter>Assets</Filter>
    </Image>
    <Image Include="Assets\Other\heli\Helicopter_albedo2.jpg">
      <Filter>Assets\Other\heli</Filter>
    </Image>
    <Image Include="Assets\Other\wall\concrete.jpg">
      <Filter>Assets\Other\wall</Filter>
    </Image>
    <Image Include="Assets\Other\damage\damage.png">
      <Filter>Assets\Other\damage</Filter>
    </Image>
  </ItemGroup>
  <ItemGroup>
    <AppxManifest Include="Package.appxmanifest" />
  </ItemGroup>
  <ItemGroup>
    <None Include="packages.config" />
    <None Include="Assets\Enemy\Zombie\zombie_war.gltf">
      <Filter>Assets\Enemy\Zombie</Filter>
    </None>
    <None Include="Assets\GunRig\AK\ak.gltf">
      <Filter>Assets\GunRig\AK</Filter>
    </None>
    <None Include="Assets\GunRig\AK\ak_gun.gltf">
      <Filter>Assets\GunRig\AK</Filter>
    </None>
    <None Include="Assets\Other\bullet\bullet.mtl">
      <Filter>Assets\Other\bullet</Filter>
    </None>
    <None Include="Assets\Other\bullet\bullet.obj">
      <Filter>Assets\Other\bullet</Filter>
    </None>
    <None Include="Assets\GunRig\FN\FN.gltf">
      <Filter>Assets\GunRig\FN</Filter>
    </None>
    <None Include="Assets\GunRig\FN\FN_gun.gltf">
      <Filter>Assets\GunRig\FN</Filter>
    </None>
    <None Include="Assets\GunRig\smg\smg.gltf">
      <Filter>Assets\GunRig\smg</Filter>
    </None>
    <None Include="Assets\GunRig\smg\smg_gun.gltf">
      <Filter>Assets\GunRig\smg</Filter>
    </None>
    <None Include="Assets\GunRig\sniper\sniper.gltf">
      <Filter>Assets\GunRig\sniper</Filter>
    </None>
    <None Include="Assets\GunRig\sniper\sniper_gun.gltf">
      <Filter>Assets\GunRig\sniper</Filter>
    </None>
    <None Include="Assets\Audio\dark-horror-background-252905.wav" />
    <None Include="Assets\Other\stairs\stairs.gltf">
      <Filter>Assets\Other\stairs</Filter>
    </None>
    <None Include="Assets\Audio\ak.wav" />
    <None Include="Assets\Audio\FN.wav" />
    <None Include="Assets\Audio\smg.wav" />
    <None Include="Assets\Audio\sniper.wav" />
    <None Include="Assets\Audio\reload.wav" />
    <None Include="Assets\Other\heli\heli.gltf">
      <Filter>Assets\Other\heli</Filter>
    </None>
    <None Include="..\Vendor\assimp\lib\x64\assimp-vc143-mtd.dll" />
    <None Include="Assets\Audio\zombie.wav" />
  </ItemGroup>
  <ItemGroup>
    <ResourceCompile Include="FirstPersonShooter.rc" />
  </ItemGroup>
  <ItemGroup>
    <Text Include="Assets\GunRig\AK\ak.txt">
      <Filter>Assets\GunRig\AK</Filter>
    </Text>
    <Text Include="Assets\GunRig\FN\FN.txt">
      <Filter>Assets\GunRig\FN</Filter>
    </Text>
    <Text Include="Assets\GunRig\smg\smg.txt">
      <Filter>Assets\GunRig\smg</Filter>
    </Text>
    <Text Include="Assets\GunRig\sniper\sniper.txt">
      <Filter>Assets\GunRig\sniper</Filter>
    </Text>
  </ItemGroup>
  <ItemGroup>
    <Media Include="Assets\Audio\zombie_dying.wav" />
  </ItemGroup>
</Project>