<?xml version="1.0" encoding="utf-8"?>
<Project ToolsVersion="4.0" xmlns="http://schemas.microsoft.com/developer/msbuild/2003">
  <ItemGroup>
    <Filter Include="Common">
      <UniqueIdentifier>37c04009-f5e8-495b-9e49-6f6fa444e88f</UniqueIdentifier>
    </Filter>
    <Filter Include="Assets">
      <UniqueIdentifier>d5318baa-46a1-495a-b3e7-2a040b905318</UniqueIdentifier>
      <Extensions>bmp;fbx;gif;jpg;jpeg;tga;tiff;tif;png</Extensions>
    </Filter>
    <Filter Include="Content">
      <UniqueIdentifier>26a3a00d-2dd0-4e7f-887f-279a615a634c</UniqueIdentifier>
    </Filter>
    <ClInclude Include="Common\DirectXHelper.h">
      <Filter>Common</Filter>
    </ClInclude>
    <ClInclude Include="Common\StepTimer.h">
      <Filter>Common</Filter>
    </ClInclude>
    <ClInclude Include="Common\DeviceResources.h">
      <Filter>Common</Filter>
    </ClInclude>
    <ClCompile Include="Common\DeviceResources.cpp">
      <Filter>Common</Filter>
    </ClCompile>
    <Image Include="Assets\LockScreenLogo.scale-200.png">
      <Filter>Assets</Filter>
    </Image>
    <Image Include="Assets\SplashScreen.scale-200.png">
      <Filter>Assets</Filter>
    </Image>
    <Image Include="Assets\Square150x150Logo.scale-200.png">
      <Filter>Assets</Filter>
    </Image>
    <Image Include="Assets\Square44x44Logo.scale-200.png">
      <Filter>Assets</Filter>
    </Image>
    <Image Include="Assets\Square44x44Logo.targetsize-24_altform-unplated.png">
      <Filter>Assets</Filter>
    </Image>
    <Image Include="Assets\Wide310x150Logo.scale-200.png">
      <Filter>Assets</Filter>
    </Image>
    <Filter Include="Content\Mesh">
      <UniqueIdentifier>{d1c951c0-9649-4246-87a3-ad071b9c8914}</UniqueIdentifier>
    </Filter>
    <Filter Include="Content\Model">
      <UniqueIdentifier>{c9a8355d-d86f-4f93-b81b-6c3c0c293eee}</UniqueIdentifier>
    </Filter>
    <Filter Include="Content\Texture">
      <UniqueIdentifier>{32632a9d-63ea-4bb1-8b4b-20dc8c08cf6b}</UniqueIdentifier>
    </Filter>
    <Filter Include="Content\Shaders">
      <UniqueIdentifier>{91f83ae6-6528-46d5-8659-0e7b5e5e88dd}</UniqueIdentifier>
    </Filter>
    <Filter Include="Content\Shaders\Sample">
      <UniqueIdentifier>{4df27147-602e-422c-819e-7da74eeae2a7}</UniqueIdentifier>
    </Filter>
    <Filter Include="Content\Shaders\Skeletal">
      <UniqueIdentifier>{8746d375-b1b7-41ea-a582-d5c5c8a5ede0}</UniqueIdentifier>
    </Filter>
    <Filter Include="Content\Entity">
      <UniqueIdentifier>{675191b9-1eec-4ae2-9cc0-614336ab7477}</UniqueIdentifier>
    </Filter>
    <Filter Include="Content\Renderer">
      <UniqueIdentifier>{8b6bdbd5-1633-4c5a-9e5b-4f0492959883}</UniqueIdentifier>
    </Filter>
    <Filter Include="Content\Model\Animation">
      <UniqueIdentifier>{98242906-809f-419f-9852-136fea955114}</UniqueIdentifier>
    </Filter>
    <Filter Include="Content\ResourceManager">
      <UniqueIdentifier>{678fb081-8b14-47d5-9c1e-0dce2fc2b6a7}</UniqueIdentifier>
    </Filter>
    <Filter Include="Content\World">
      <UniqueIdentifier>{844638fe-742d-40b3-a363-404e64ecbf35}</UniqueIdentifier>
    </Filter>
    <Filter Include="Content\Renderer\Text">
      <UniqueIdentifier>{fdcb3503-2c14-433a-9d74-d1428de9dee9}</UniqueIdentifier>
    </Filter>
    <Filter Include="Content\Renderer\3D">
      <UniqueIdentifier>{3d875267-7ac7-4c78-a719-fc3bc7c10073}</UniqueIdentifier>
    </Filter>
    <Filter Include="Content\Renderer\3D\Model">
      <UniqueIdentifier>{4b490eb8-7983-4313-8ade-c62312aadada}</UniqueIdentifier>
    </Filter>
    <Filter Include="Content\Renderer\3D\AnimatedModel">
      <UniqueIdentifier>{7461cf45-36e2-4d4d-ba74-64f06c45a80b}</UniqueIdentifier>
    </Filter>
    <Filter Include="Base">
      <UniqueIdentifier>{55808537-456c-4681-8aa2-a22854a1caaf}</UniqueIdentifier>
    </Filter>
    <Filter Include="Events">
      <UniqueIdentifier>{7fb1627b-d8e3-4f7c-b79f-509e91e0b17e}</UniqueIdentifier>
    </Filter>
    <Filter Include="Content\Renderer\2D">
      <UniqueIdentifier>{575c322f-ecaf-4bba-b36e-51ed15cfdff9}</UniqueIdentifier>
    </Filter>
    <Filter Include="Content\Shaders\HUD">
      <UniqueIdentifier>{9306adaf-1138-4e63-92af-88c00fb66e03}</UniqueIdentifier>
    </Filter>
    <Filter Include="Content\Camera">
      <UniqueIdentifier>{70b64313-a96b-4eb3-85d5-35d3640126e1}</UniqueIdentifier>
    </Filter>
    <Filter Include="Content\Entity\GunRig">
      <UniqueIdentifier>{f5d3f666-f005-4e87-9563-2779be746441}</UniqueIdentifier>
    </Filter>
    <Filter Include="Content\Player">
      <UniqueIdentifier>{9fd31a02-dea0-4701-8e34-bbd4e5a3d198}</UniqueIdentifier>
    </Filter>
    <Filter Include="Content\Entity\Room">
      <UniqueIdentifier>{a0c90a09-601c-44f0-96cb-c9a3c24ae15a}</UniqueIdentifier>
    </Filter>
    <Filter Include="GameElements">
      <UniqueIdentifier>{c7913cd6-4577-4273-ae0a-bb2d03243413}</UniqueIdentifier>
    </Filter>
    <Filter Include="WorldGenerator">
      <UniqueIdentifier>{706e0f5a-fcd5-4407-89df-e0b2155075f6}</UniqueIdentifier>
    </Filter>
    <Filter Include="WorldGenerator\Common">
      <UniqueIdentifier>{1f11af94-cf83-491c-a7a0-29039046eea7}</UniqueIdentifier>
    </Filter>
    <Filter Include="WorldGenerator\Common\Graph">
      <UniqueIdentifier>{5fc7c998-0bda-4691-a0b7-0e3b9a471d9e}</UniqueIdentifier>
    </Filter>
    <Filter Include="WorldGenerator\RoomLayout">
      <UniqueIdentifier>{d49c5293-81bd-467c-9bb7-b7cbac6c0020}</UniqueIdentifier>
    </Filter>
    <Filter Include="WorldGenerator\RoomLayout\BSP">
      <UniqueIdentifier>{a0a89133-5811-4fe9-985d-9190e3604b97}</UniqueIdentifier>
    </Filter>
    <Filter Include="WorldGenerator\RoomLayout\Model">
      <UniqueIdentifier>{89bcd098-54e1-4e4b-b75f-ef0b36be974d}</UniqueIdentifier>
    </Filter>
    <Filter Include="WorldGeneratorAdapter">
      <UniqueIdentifier>{774b7bab-b759-451c-94f5-63d310975a76}</UniqueIdentifier>
    </Filter>
    <Filter Include="WorldGeneratorAdapter\Mapper">
      <UniqueIdentifier>{214de76f-0ded-4ce0-961f-ae52db94260f}</UniqueIdentifier>
    </Filter>
    <Filter Include="Audio">
      <UniqueIdentifier>{822331e8-fedb-40db-898e-79e556e4d761}</UniqueIdentifier>
    </Filter>
    <Filter Include="Assets\GunRig">
      <UniqueIdentifier>{9fc70142-bf4f-476d-bae9-198f1768cde9}</UniqueIdentifier>
    </Filter>
    <Filter Include="Assets\GunRig\AK">
      <UniqueIdentifier>{2b3a2562-23af-4e30-a6dd-66635a276d53}</UniqueIdentifier>
    </Filter>
    <Filter Include="Assets\Enemy">
      <UniqueIdentifier>{e010ee67-03fe-4866-b7fa-070359f15a0b}</UniqueIdentifier>
    </Filter>
    <Filter Include="Assets\Other">
      <UniqueIdentifier>{970b1e55-0947-41a3-9db3-afdbf61b0f87}</UniqueIdentifier>
    </Filter>
    <Filter Include="Assets\Other\bullet">
      <UniqueIdentifier>{3de93eb3-ce64-4119-8dd8-b64a0549f718}</UniqueIdentifier>
    </Filter>
    <Filter Include="Assets\Enemy\Zombie">
      <UniqueIdentifier>{0b9d0f06-2265-41db-b6d4-f0ea8b9edb34}</UniqueIdentifier>
    </Filter>
    <Filter Include="Assets\Other\wall">
      <UniqueIdentifier>{7c0c4e4e-5929-4fd5-bdc4-af1d4fd0259b}</UniqueIdentifier>
    </Filter>
    <Filter Include="Assets\Other\crosshair">
      <UniqueIdentifier>{32ed6e74-9ad3-4e59-b9b2-762ba37a6b74}</UniqueIdentifier>
    </Filter>
    <Filter Include="Assets\GunRig\FN">
      <UniqueIdentifier>{88b7a2ad-ae80-4154-9828-1b0c95bd2f3d}</UniqueIdentifier>
    </Filter>
    <Filter Include="Assets\GunRig\smg">
      <UniqueIdentifier>{54ede239-0330-4e07-8db4-44b013c49004}</UniqueIdentifier>
    </Filter>
    <Filter Include="Assets\GunRig\sniper">
      <UniqueIdentifier>{d6ccbe41-c732-439c-94bd-2e1fdb7f0c25}</UniqueIdentifier>
    </Filter>
    <Filter Include="Content\RoomModelGenerator">
      <UniqueIdentifier>{f0f28225-0827-46e2-b9d9-466de74d841b}</UniqueIdentifier>
    </Filter>
    <Filter Include="WorldGenerator\RoomLayout\RooomSelector">
      <UniqueIdentifier>{97ad2e10-ce1f-429c-8771-5c5bdf50c841}</UniqueIdentifier>
    </Filter>
    <Filter Include="WorldGenerator\Common\RNG">
      <UniqueIdentifier>{019c11fa-7298-4158-9aea-65662fa33458}</UniqueIdentifier>
    </Filter>
    <Filter Include="Assets\Other\stairs">
      <UniqueIdentifier>{3cb61fc3-5875-48bb-963c-95f4f7cdd52e}</UniqueIdentifier>
    </Filter>
    <Filter Include="WorldGenerator\Common\RNG\Distributions">
      <UniqueIdentifier>{e122a785-7e6d-4aa9-b93e-2fed520a1eec}</UniqueIdentifier>
    </Filter>
    <Filter Include="WorldGenerator\Common\RNG\Distributions\DistributionFactory">
      <UniqueIdentifier>{ae483419-dabb-4a61-ae3b-63cfdf07dd1d}</UniqueIdentifier>
    </Filter>
  </ItemGroup>
  <ItemGroup>
    <ClCompile Include="App.cpp" />
    <ClCompile Include="FirstPersonShooterMain.cpp" />
    <ClCompile Include="pch.cpp" />
    <ClCompile Include="TextureFactory.cpp">
      <Filter>Content\Texture</Filter>
    </ClCompile>
    <ClCompile Include="AssimpModelLoader.cpp">
      <Filter>Content\Model</Filter>
    </ClCompile>
    <ClCompile Include="Entity.cpp">
      <Filter>Content\Entity</Filter>
    </ClCompile>
    <ClCompile Include="Hittable.cpp">
      <Filter>Content\Entity</Filter>
    </ClCompile>
    <ClCompile Include="Animator.cpp">
      <Filter>Content\Model\Animation</Filter>
    </ClCompile>
    <ClCompile Include="ResourceManager.cpp">
      <Filter>Content\ResourceManager</Filter>
    </ClCompile>
    <ClCompile Include="World.cpp">
      <Filter>Content\World</Filter>
    </ClCompile>
    <ClCompile Include="AnimatedEntity.cpp">
      <Filter>Content\Entity</Filter>
    </ClCompile>
    <ClCompile Include="Animable.cpp">
      <Filter>Content\Entity</Filter>
    </ClCompile>
    <ClCompile Include="Camera.cpp">
      <Filter>Content\Camera</Filter>
    </ClCompile>
    <ClCompile Include="AnimatedModelRenderer.cpp">
      <Filter>Content\Renderer\3D\AnimatedModel</Filter>
    </ClCompile>
    <ClCompile Include="ModelRenderer.cpp">
      <Filter>Content\Renderer\3D\Model</Filter>
    </ClCompile>
    <ClCompile Include="CollisionDetector.cpp">
      <Filter>Base</Filter>
    </ClCompile>
    <ClCompile Include="SimpleCollisionDetector.cpp">
      <Filter>Base</Filter>
    </ClCompile>
    <ClCompile Include="InputHandler.cpp">
      <Filter>Events</Filter>
    </ClCompile>
    <ClCompile Include="SpriteRenderer.cpp">
      <Filter>Content\Renderer\2D</Filter>
    </ClCompile>
    <ClCompile Include="Content\SampleFpsTextRenderer.cpp">
      <Filter>Content\Renderer\Text</Filter>
    </ClCompile>
    <ClCompile Include="GunRig.cpp">
      <Filter>Content\Entity\GunRig</Filter>
    </ClCompile>
    <ClCompile Include="ActionHandler.cpp" />
    <ClCompile Include="GameState.cpp" />
    <ClCompile Include="RenderMaster.cpp">
      <Filter>Content\Renderer</Filter>
    </ClCompile>
    <ClCompile Include="RenderQueue.cpp">
      <Filter>Content\Renderer</Filter>
    </ClCompile>
    <ClCompile Include="ResourceHelper.cpp">
      <Filter>Content\ResourceManager</Filter>
    </ClCompile>
    <ClCompile Include="Room.cpp">
      <Filter>Content\Entity\Room</Filter>
    </ClCompile>
    <ClCompile Include="Player.cpp">
      <Filter>Content\Player</Filter>
    </ClCompile>
    <ClCompile Include="Enemy.cpp">
      <Filter>GameElements</Filter>
    </ClCompile>
    <ClCompile Include="EnemyBuilder.cpp">
      <Filter>GameElements</Filter>
    </ClCompile>
    <ClCompile Include="Object.cpp">
      <Filter>GameElements</Filter>
    </ClCompile>
    <ClCompile Include="ObjectBuilder.cpp">
      <Filter>GameElements</Filter>
    </ClCompile>
    <ClCompile Include="BinaryRoom.cpp">
      <Filter>WorldGenerator\RoomLayout\BSP</Filter>
    </ClCompile>
    <ClCompile Include="GeneratedRoom.cpp">
      <Filter>WorldGenerator\RoomLayout\Model</Filter>
    </ClCompile>
    <ClCompile Include="RoomLayoutGenerator.cpp">
      <Filter>WorldGenerator\RoomLayout</Filter>
    </ClCompile>
    <ClCompile Include="RoomLink.cpp">
      <Filter>WorldGenerator\RoomLayout\Model</Filter>
    </ClCompile>
    <ClCompile Include="Utils.cpp">
      <Filter>WorldGenerator\Common</Filter>
    </ClCompile>
    <ClCompile Include="MapGenerator.cpp">
      <Filter>WorldGenerator</Filter>
    </ClCompile>
    <ClCompile Include="MapGeneratorAdapter.cpp">
      <Filter>WorldGeneratorAdapter</Filter>
    </ClCompile>
    <ClCompile Include="MappingHelpers.cpp">
      <Filter>WorldGeneratorAdapter\Mapper</Filter>
    </ClCompile>
    <ClCompile Include="RoomModelGenerator.cpp">
      <Filter>Content\RoomModelGenerator</Filter>
    </ClCompile>
    <ClCompile Include="GunRigMetadata.cpp">
      <Filter>Content\Entity\GunRig</Filter>
    </ClCompile>
    <ClCompile Include="RoomSelector.cpp">
      <Filter>WorldGenerator\RoomLayout\RooomSelector</Filter>
    </ClCompile>
    <ClCompile Include="GraphUtils.cpp">
      <Filter>WorldGenerator\Common\Graph</Filter>
    </ClCompile>
    <ClCompile Include="AudioReader.cpp">
      <Filter>Audio</Filter>
    </ClCompile>
    <ClCompile Include="Stairs.cpp">
      <Filter>Content\Entity\Room</Filter>
    </ClCompile>
    <ClCompile Include="RNGEngine.cpp">
      <Filter>WorldGenerator\Common\RNG</Filter>
    </ClCompile>
    <ClCompile Include="RNG.cpp">
      <Filter>WorldGenerator\Common\RNG</Filter>
    </ClCompile>
    <ClCompile Include="UniformRNG.cpp">
      <Filter>WorldGenerator\Common\RNG\Distributions</Filter>
    </ClCompile>
    <ClCompile Include="DistributionFactory.cpp">
      <Filter>WorldGenerator\Common\RNG\Distributions\DistributionFactory</Filter>
    </ClCompile>
  </ItemGroup>
  <ItemGroup>
    <ClInclude Include="App.h" />
    <ClInclude Include="FirstPersonShooterMain.h" />
    <ClInclude Include="pch.h" />
    <ClInclude Include="Mesh.h">
      <Filter>Content\Mesh</Filter>
    </ClInclude>
    <ClInclude Include="MeshFactory.h">
      <Filter>Content\Mesh</Filter>
    </ClInclude>
    <ClInclude Include="Texture.h">
      <Filter>Content\Texture</Filter>
    </ClInclude>
    <ClInclude Include="TextureFactory.h">
      <Filter>Content\Texture</Filter>
    </ClInclude>
    <ClInclude Include="AssimpModel.h">
      <Filter>Content\Model</Filter>
    </ClInclude>
    <ClInclude Include="AssimpModelLoader.h">
      <Filter>Content\Model</Filter>
    </ClInclude>
    <ClInclude Include="AnimatedAssimpModel.h">
      <Filter>Content\Model</Filter>
    </ClInclude>
    <ClInclude Include="Drawable.hpp">
      <Filter>Content\Entity</Filter>
    </ClInclude>
    <ClInclude Include="Entity.hpp">
      <Filter>Content\Entity</Filter>
    </ClInclude>
    <ClInclude Include="Hittable.hpp">
      <Filter>Content\Entity</Filter>
    </ClInclude>
    <ClInclude Include="Animable.hpp">
      <Filter>Content\Entity</Filter>
    </ClInclude>
    <ClInclude Include="AnimatedEntity.hpp">
      <Filter>Content\Entity</Filter>
    </ClInclude>
    <ClInclude Include="Content\ShaderStructures.h">
      <Filter>Content\Shaders</Filter>
    </ClInclude>
    <ClInclude Include="BoneInfo.h">
      <Filter>Content\Model\Animation</Filter>
    </ClInclude>
    <ClInclude Include="Animator.h">
      <Filter>Content\Model\Animation</Filter>
    </ClInclude>
    <ClInclude Include="ResourceManager.h">
      <Filter>Content\ResourceManager</Filter>
    </ClInclude>
    <ClInclude Include="World.h">
      <Filter>Content\World</Filter>
    </ClInclude>
    <ClInclude Include="Content\SampleFpsTextRenderer.h">
      <Filter>Content\Renderer\Text</Filter>
    </ClInclude>
    <ClInclude Include="Content\Base3DRenderer.h">
      <Filter>Content\Renderer\3D</Filter>
    </ClInclude>
    <ClInclude Include="ModelRenderer.hpp">
      <Filter>Content\Renderer\3D\Model</Filter>
    </ClInclude>
    <ClInclude Include="AnimatedModelRenderer.hpp">
      <Filter>Content\Renderer\3D\AnimatedModel</Filter>
    </ClInclude>
    <ClInclude Include="resource.h" />
    <ClInclude Include="Camera.hpp">
      <Filter>Content\Camera</Filter>
    </ClInclude>
    <ClInclude Include="CollisionDetector.hpp">
      <Filter>Base</Filter>
    </ClInclude>
    <ClInclude Include="SimpleCollisionDetector.hpp">
      <Filter>Base</Filter>
    </ClInclude>
    <ClInclude Include="InputHandler.hpp">
      <Filter>Events</Filter>
    </ClInclude>
    <ClInclude Include="SpriteRenderer.hpp">
      <Filter>Content\Renderer\2D</Filter>
    </ClInclude>
    <ClInclude Include="GunRig.h">
      <Filter>Content\Entity\GunRig</Filter>
    </ClInclude>
    <ClInclude Include="ActionHandler.hpp" />
    <ClInclude Include="ActionTypes.hpp" />
    <ClInclude Include="GameState.hpp" />
    <ClInclude Include="RendererType.hpp">
      <Filter>Content\Renderer</Filter>
    </ClInclude>
    <ClInclude Include="RenderMaster.hpp">
      <Filter>Content\Renderer</Filter>
    </ClInclude>
    <ClInclude Include="RenderQueue.hpp">
      <Filter>Content\Renderer</Filter>
    </ClInclude>
    <ClInclude Include="ResourceHelper.hpp">
      <Filter>Content\ResourceManager</Filter>
    </ClInclude>
    <ClInclude Include="Player.h">
      <Filter>Content\Player</Filter>
    </ClInclude>
    <ClInclude Include="Room.hpp">
      <Filter>Content\Entity\Room</Filter>
    </ClInclude>
    <ClInclude Include="LightingData.hpp">
      <Filter>Content\Shaders</Filter>
    </ClInclude>
    <ClInclude Include="RoomCollision.hpp">
      <Filter>Content\Entity\Room</Filter>
    </ClInclude>
    <ClInclude Include="Enemy.hpp">
      <Filter>GameElements</Filter>
    </ClInclude>
    <ClInclude Include="EnemyBuilder.hpp">
      <Filter>GameElements</Filter>
    </ClInclude>
    <ClInclude Include="Object.hpp">
      <Filter>GameElements</Filter>
    </ClInclude>
    <ClInclude Include="ObjectBuilder.hpp">
      <Filter>GameElements</Filter>
    </ClInclude>
    <ClInclude Include="BinaryRoom.h">
      <Filter>WorldGenerator\RoomLayout\BSP</Filter>
    </ClInclude>
    <ClInclude Include="GeneratedRoom.h">
      <Filter>WorldGenerator\RoomLayout\Model</Filter>
    </ClInclude>
    <ClInclude Include="Graph.h">
      <Filter>WorldGenerator\Common\Graph</Filter>
    </ClInclude>
    <ClInclude Include="Node.h">
      <Filter>WorldGenerator\Common\Graph</Filter>
    </ClInclude>
    <ClInclude Include="RoomLayout.h">
      <Filter>WorldGenerator\RoomLayout\Model</Filter>
    </ClInclude>
    <ClInclude Include="RoomLayoutConfig.h">
      <Filter>WorldGenerator\RoomLayout\Model</Filter>
    </ClInclude>
    <ClInclude Include="RoomLink.h">
      <Filter>WorldGenerator\RoomLayout\Model</Filter>
    </ClInclude>
    <ClInclude Include="Utils.h">
      <Filter>WorldGenerator\Common</Filter>
    </ClInclude>
    <ClInclude Include="Vector3.h">
      <Filter>WorldGenerator\RoomLayout\Model</Filter>
    </ClInclude>
    <ClInclude Include="RoomLayoutGenerator.h">
      <Filter>WorldGenerator\RoomLayout</Filter>
    </ClInclude>
    <ClInclude Include="MapGenerator.h">
      <Filter>WorldGenerator</Filter>
    </ClInclude>
    <ClInclude Include="MapGeneratorAdapter.h">
      <Filter>WorldGeneratorAdapter</Filter>
    </ClInclude>
    <ClInclude Include="MapGeneratorMapper.h">
      <Filter>WorldGeneratorAdapter\Mapper</Filter>
    </ClInclude>
    <ClInclude Include="MappingHelpers.h">
      <Filter>WorldGeneratorAdapter\Mapper</Filter>
    </ClInclude>
    <ClInclude Include="RoomSelector.h">
      <Filter>WorldGenerator\RoomLayout\RooomSelector</Filter>
    </ClInclude>
    <ClInclude Include="RoomSelectorArgs.h">
      <Filter>WorldGenerator\RoomLayout\RooomSelector</Filter>
    </ClInclude>
    <ClInclude Include="RoomModelGenerator.h">
      <Filter>Content\RoomModelGenerator</Filter>
    </ClInclude>
    <ClInclude Include="RoomLinkData.hpp">
      <Filter>Content\Entity\Room</Filter>
    </ClInclude>
    <ClInclude Include="GunRigMetadata.hpp">
      <Filter>Content\Entity\GunRig</Filter>
    </ClInclude>
    <ClInclude Include="AudioReader.hpp">
      <Filter>Audio</Filter>
    </ClInclude>
    <ClInclude Include="AudioFile.hpp">
      <Filter>Audio</Filter>
    </ClInclude>
    <ClInclude Include="Stairs.h">
      <Filter>Content\Entity\Room</Filter>
    </ClInclude>
    <ClInclude Include="GraphUtils.h">
      <Filter>WorldGenerator\Common\Graph</Filter>
    </ClInclude>
    <ClInclude Include="PathFinding.h">
      <Filter>WorldGenerator\Common\Graph</Filter>
    </ClInclude>
    <ClInclude Include="WeightedGraph.h">
      <Filter>WorldGenerator\Common\Graph</Filter>
    </ClInclude>
    <ClInclude Include="RNGEngine.h">
      <Filter>WorldGenerator\Common\RNG</Filter>
    </ClInclude>
    <ClInclude Include="RNG.h">
      <Filter>WorldGenerator\Common\RNG</Filter>
    </ClInclude>
    <ClInclude Include="UniformRNG.h">
      <Filter>WorldGenerator\Common\RNG\Distributions</Filter>
    </ClInclude>
    <ClInclude Include="DistributionRNG.h">
      <Filter>WorldGenerator\Common\RNG\Distributions\DistributionFactory</Filter>
    </ClInclude>
    <ClInclude Include="DistributionFactory.h">
      <Filter>WorldGenerator\Common\RNG\Distributions\DistributionFactory</Filter>
    </ClInclude>
    <ClInclude Include="Distribution.h">
      <Filter>WorldGenerator\Common\RNG\Distributions\DistributionFactory</Filter>
    </ClInclude>
  </ItemGroup>
  <ItemGroup>
    <Image Include="Assets\StoreLogo.png">
      <Filter>Assets</Filter>
    </Image>
    <Image Include="Assets\cube\brickwall.jpg">
      <Filter>Assets</Filter>
    </Image>
    <Image Include="Assets\Enemy\Zombie\world_war_zombie_diffuse.png">
      <Filter>Assets\Enemy\Zombie</Filter>
    </Image>
    <Image Include="Assets\GunRig\AK\ak74m_baseColor.png">
      <Filter>Assets\GunRig\AK</Filter>
    </Image>
    <Image Include="Assets\GunRig\AK\armColor.png">
      <Filter>Assets\GunRig\AK</Filter>
    </Image>
    <Image Include="Assets\Other\wall\brickwall.jpg">
      <Filter>Assets\Other\wall</Filter>
    </Image>
    <Image Include="Assets\Other\bullet\bullet.jpg">
      <Filter>Assets\Other\bullet</Filter>
    </Image>
    <Image Include="Assets\Other\crosshair\crosshair.png">
      <Filter>Assets\Other\crosshair</Filter>
    </Image>
    <Image Include="Assets\GunRig\FN\material_diffuse.png">
      <Filter>Assets\GunRig\FN</Filter>
    </Image>
    <Image Include="Assets\GunRig\smg\Material_457_baseColor.png">
      <Filter>Assets\GunRig\smg</Filter>
    </Image>
    <Image Include="Assets\GunRig\sniper\Atlas_00001.png">
      <Filter>Assets\GunRig\sniper</Filter>
    </Image>
    <Image Include="Assets\Other\wall\wall.jpg">
      <Filter>Assets\Other\wall</Filter>
    </Image>
    <Image Include="Assets\Other\wall\floor.jpg">
      <Filter>Assets\Other\wall</Filter>
    </Image>
    <Image Include="Assets\Other\stairs\floor.jpg">
      <Filter>Assets\Other\stairs</Filter>
    </Image>
  </ItemGroup>
  <ItemGroup>
    <AppxManifest Include="Package.appxmanifest" />
  </ItemGroup>
  <ItemGroup>
    <None Include="packages.config" />
    <None Include="Assets\Enemy\Zombie\zombie_war.gltf">
      <Filter>Assets\Enemy\Zombie</Filter>
    </None>
    <None Include="Assets\GunRig\AK\ak.gltf">
      <Filter>Assets\GunRig\AK</Filter>
    </None>
    <None Include="Assets\GunRig\AK\ak_gun.gltf">
      <Filter>Assets\GunRig\AK</Filter>
    </None>
    <None Include="Assets\Other\bullet\bullet.mtl">
      <Filter>Assets\Other\bullet</Filter>
    </None>
    <None Include="Assets\Other\bullet\bullet.obj">
      <Filter>Assets\Other\bullet</Filter>
    </None>
    <None Include="Assets\GunRig\FN\FN.gltf">
      <Filter>Assets\GunRig\FN</Filter>
    </None>
    <None Include="Assets\GunRig\FN\FN_gun.gltf">
      <Filter>Assets\GunRig\FN</Filter>
    </None>
    <None Include="Assets\GunRig\smg\smg.gltf">
      <Filter>Assets\GunRig\smg</Filter>
    </None>
    <None Include="Assets\GunRig\smg\smg_gun.gltf">
      <Filter>Assets\GunRig\smg</Filter>
    </None>
    <None Include="Assets\GunRig\sniper\sniper.gltf">
      <Filter>Assets\GunRig\sniper</Filter>
    </None>
    <None Include="Assets\GunRig\sniper\sniper_gun.gltf">
      <Filter>Assets\GunRig\sniper</Filter>
    </None>
    <None Include="Assets\Audio\dark-horror-background-252905.wav" />
    <None Include="Assets\Other\stairs\stairs.gltf">
      <Filter>Assets\Other\stairs</Filter>
    </None>
    <None Include="Assets\Audio\ak.wav" />
    <None Include="Assets\Audio\FN.wav" />
    <None Include="Assets\Audio\smg.wav" />
    <None Include="Assets\Audio\sniper.wav" />
    <None Include="Assets\Audio\reload.wav" />
  </ItemGroup>
  <ItemGroup>
    <FxCompile Include="Content\SamplePixelShader.hlsl">
      <Filter>Content\Shaders\Sample</Filter>
    </FxCompile>
    <FxCompile Include="Content\SampleVertexShader.hlsl">
      <Filter>Content\Shaders\Sample</Filter>
    </FxCompile>
    <FxCompile Include="SkeletalVertexShader.hlsl">
      <Filter>Content\Shaders\Skeletal</Filter>
    </FxCompile>
    <FxCompile Include="SkeletalPixelShader.hlsl">
      <Filter>Content\Shaders\Skeletal</Filter>
    </FxCompile>
    <FxCompile Include="HUDVertexShader.hlsl">
      <Filter>Content\Shaders\HUD</Filter>
    </FxCompile>
    <FxCompile Include="HUDPixelShader.hlsl">
      <Filter>Content\Shaders\HUD</Filter>
    </FxCompile>
  </ItemGroup>
  <ItemGroup>
    <ResourceCompile Include="FirstPersonShooter.rc" />
  </ItemGroup>
  <ItemGroup>
    <Text Include="Assets\GunRig\AK\ak.txt">
      <Filter>Assets\GunRig\AK</Filter>
    </Text>
    <Text Include="Assets\GunRig\FN\FN.txt">
      <Filter>Assets\GunRig\FN</Filter>
    </Text>
    <Text Include="Assets\GunRig\smg\smg.txt">
      <Filter>Assets\GunRig\smg</Filter>
    </Text>
    <Text Include="Assets\GunRig\sniper\sniper.txt">
      <Filter>Assets\GunRig\sniper</Filter>
    </Text>
  </ItemGroup>
</Project>